{
  "version": 4,
  "terraform_version": "1.12.2",
  "serial": 23,
  "lineage": "2a0fd5f1-1c19-41c7-b393-34cb4c7a8996",
  "outputs": {},
  "resources": [
    {
      "mode": "managed",
      "type": "docker_image",
      "name": "to-do",
      "provider": "provider[\"registry.terraform.io/kreuzwerker/docker\"]",
      "instances": [
        {
          "schema_version": 0,
          "attributes": {
            "build": [],
            "force_remove": null,
            "id": "sha256:ffd3b59ec28a3966166805a25933de9006968674ed059a5a8502a0582db622f8to-do:latest",
            "image_id": "sha256:ffd3b59ec28a3966166805a25933de9006968674ed059a5a8502a0582db622f8",
            "keep_locally": null,
            "name": "to-do:latest",
            "platform": null,
            "pull_triggers": null,
            "repo_digest": "",
            "timeouts": null,
            "triggers": null
          },
          "sensitive_attributes": [],
          "identity_schema_version": 0,
          "private": "eyJlMmJmYjczMC1lY2FhLTExZTYtOGY4OC0zNDM2M2JjN2M0YzAiOnsiY3JlYXRlIjoxMjAwMDAwMDAwMDAwLCJkZWxldGUiOjEyMDAwMDAwMDAwMDAsInVwZGF0ZSI6MTIwMDAwMDAwMDAwMH19"
        }
      ]
    }
  ],
  "check_results": null
}
